// !$*UTF8*$!
{
	archiveVersion = 1;
	classes = {
	};
	objectVersion = 46;
	objects = {

/* Begin PBXBuildFile section */
		070090BC1D18DC7D00142A76 /* CALayer+KCExtension.m in Sources */ = {isa = PBXBuildFile; fileRef = 070090A21D18DC7D00142A76 /* CALayer+KCExtension.m */; };
		070090BD1D18DC7D00142A76 /* UIColor+KCExtension.m in Sources */ = {isa = PBXBuildFile; fileRef = 070090A51D18DC7D00142A76 /* UIColor+KCExtension.m */; };
		070090BE1D18DC7D00142A76 /* UIDevice+KCExtension.m in Sources */ = {isa = PBXBuildFile; fileRef = 070090A71D18DC7D00142A76 /* UIDevice+KCExtension.m */; };
		070090BF1D18DC7D00142A76 /* UIImage+KCExtension.m in Sources */ = {isa = PBXBuildFile; fileRef = 070090A91D18DC7D00142A76 /* UIImage+KCExtension.m */; };
		070090C01D18DC7D00142A76 /* UIImageView+KCExtension.m in Sources */ = {isa = PBXBuildFile; fileRef = 070090AB1D18DC7D00142A76 /* UIImageView+KCExtension.m */; };
		070090C21D18DC7D00142A76 /* UITextField+KCExtension.m in Sources */ = {isa = PBXBuildFile; fileRef = 070090AF1D18DC7D00142A76 /* UITextField+KCExtension.m */; };
		070090C31D18DC7D00142A76 /* UITextView+KCExtension.m in Sources */ = {isa = PBXBuildFile; fileRef = 070090B11D18DC7D00142A76 /* UITextView+KCExtension.m */; };
		070090C41D18DC7D00142A76 /* UIView+KCExtension.m in Sources */ = {isa = PBXBuildFile; fileRef = 070090B31D18DC7D00142A76 /* UIView+KCExtension.m */; };
		070090C51D18DC7D00142A76 /* UIViewController+KCExtension.m in Sources */ = {isa = PBXBuildFile; fileRef = 070090B51D18DC7D00142A76 /* UIViewController+KCExtension.m */; };
		070090CA1D18DC9E00142A76 /* KCConst.m in Sources */ = {isa = PBXBuildFile; fileRef = 070090C81D18DC9E00142A76 /* KCConst.m */; };
		070090D81D18DD6F00142A76 /* NSArray+KCExtension.m in Sources */ = {isa = PBXBuildFile; fileRef = 070090CD1D18DD6F00142A76 /* NSArray+KCExtension.m */; };
		070090D91D18DD6F00142A76 /* NSDate+KCExtension.m in Sources */ = {isa = PBXBuildFile; fileRef = 070090CF1D18DD6F00142A76 /* NSDate+KCExtension.m */; };
		070090DA1D18DD6F00142A76 /* NSDictionary+KCExtension.m in Sources */ = {isa = PBXBuildFile; fileRef = 070090D11D18DD6F00142A76 /* NSDictionary+KCExtension.m */; };
		070090DB1D18DD6F00142A76 /* NSMutableArray+KCExtension.m in Sources */ = {isa = PBXBuildFile; fileRef = 070090D31D18DD6F00142A76 /* NSMutableArray+KCExtension.m */; };
		070090DC1D18DD6F00142A76 /* NSMutableDictionary+KCExtension.m in Sources */ = {isa = PBXBuildFile; fileRef = 070090D51D18DD6F00142A76 /* NSMutableDictionary+KCExtension.m */; };
		070090DD1D18DD6F00142A76 /* NSString+KCExtension.m in Sources */ = {isa = PBXBuildFile; fileRef = 070090D71D18DD6F00142A76 /* NSString+KCExtension.m */; };
		070091131FD7DCA4008623A7 /* NSObject+KCExtension.m in Sources */ = {isa = PBXBuildFile; fileRef = 070091121FD7DCA4008623A7 /* NSObject+KCExtension.m */; };
		072BFB791CDC295C00551444 /* main.m in Sources */ = {isa = PBXBuildFile; fileRef = 072BFB781CDC295C00551444 /* main.m */; };
		072BFB7C1CDC295C00551444 /* AppDelegate.m in Sources */ = {isa = PBXBuildFile; fileRef = 072BFB7B1CDC295C00551444 /* AppDelegate.m */; };
		072BFB7F1CDC295C00551444 /* ViewController.m in Sources */ = {isa = PBXBuildFile; fileRef = 072BFB7E1CDC295C00551444 /* ViewController.m */; };
		072BFB821CDC295C00551444 /* Main.storyboard in Resources */ = {isa = PBXBuildFile; fileRef = 072BFB801CDC295C00551444 /* Main.storyboard */; };
		072BFB841CDC295C00551444 /* Assets.xcassets in Resources */ = {isa = PBXBuildFile; fileRef = 072BFB831CDC295C00551444 /* Assets.xcassets */; };
		072BFB871CDC295C00551444 /* LaunchScreen.storyboard in Resources */ = {isa = PBXBuildFile; fileRef = 072BFB851CDC295C00551444 /* LaunchScreen.storyboard */; };
		072BFB921CDC295C00551444 /* categoryDemoTests.m in Sources */ = {isa = PBXBuildFile; fileRef = 072BFB911CDC295C00551444 /* categoryDemoTests.m */; };
		072BFB9D1CDC295C00551444 /* categoryDemoUITests.m in Sources */ = {isa = PBXBuildFile; fileRef = 072BFB9C1CDC295C00551444 /* categoryDemoUITests.m */; };
		07308A7C20B79B9C00DE8294 /* NSData+KCExtension.m in Sources */ = {isa = PBXBuildFile; fileRef = 07308A7A20B79B9B00DE8294 /* NSData+KCExtension.m */; };
		07308A7F20B79BAE00DE8294 /* NSMutableSet+KCExtension.m in Sources */ = {isa = PBXBuildFile; fileRef = 07308A7E20B79BAE00DE8294 /* NSMutableSet+KCExtension.m */; };
		07308A8420B79DCD00DE8294 /* UINavigationController+KCExtension.m in Sources */ = {isa = PBXBuildFile; fileRef = 07308A8220B79DCD00DE8294 /* UINavigationController+KCExtension.m */; };
		07308A8520B79DCD00DE8294 /* UINavigationBar+KCExtension.m in Sources */ = {isa = PBXBuildFile; fileRef = 07308A8320B79DCD00DE8294 /* UINavigationBar+KCExtension.m */; };
		0748815E1D572ED900322817 /* UIButton+KCExtension.m in Sources */ = {isa = PBXBuildFile; fileRef = 0748815D1D572ED900322817 /* UIButton+KCExtension.m */; };
		075F11651D23F26200C2AFEE /* KCFunction.m in Sources */ = {isa = PBXBuildFile; fileRef = 075F11641D23F26200C2AFEE /* KCFunction.m */; };
		0770D15C1D2F811D008C89D6 /* CADisplayLink+KCExtension.m in Sources */ = {isa = PBXBuildFile; fileRef = 0770D15B1D2F811D008C89D6 /* CADisplayLink+KCExtension.m */; };
		0770D15F1D2F8209008C89D6 /* NSTimer+KCExtension.m in Sources */ = {isa = PBXBuildFile; fileRef = 0770D15E1D2F8209008C89D6 /* NSTimer+KCExtension.m */; };
		07C7A7881FCEAE5A007B91C8 /* UIAlertAction+KCExtension.m in Sources */ = {isa = PBXBuildFile; fileRef = 07C7A7871FCEAE5A007B91C8 /* UIAlertAction+KCExtension.m */; };
		07C7A78B1FCEAFAC007B91C8 /* UIAlertController+KCExtension.m in Sources */ = {isa = PBXBuildFile; fileRef = 07C7A78A1FCEAFAC007B91C8 /* UIAlertController+KCExtension.m */; };
		07D9A5191DAE1D000000DF07 /* NSAttributedString+KCExtension.m in Sources */ = {isa = PBXBuildFile; fileRef = 07D9A5181DAE1D000000DF07 /* NSAttributedString+KCExtension.m */; };
		07F353BC1D8791760077383F /* UIVisualEffectView+KCExtension.m in Sources */ = {isa = PBXBuildFile; fileRef = 07F353BB1D8791760077383F /* UIVisualEffectView+KCExtension.m */; };
/* End PBXBuildFile section */

/* Begin PBXContainerItemProxy section */
		072BFB8E1CDC295C00551444 /* PBXContainerItemProxy */ = {
			isa = PBXContainerItemProxy;
			containerPortal = 072BFB6C1CDC295C00551444 /* Project object */;
			proxyType = 1;
			remoteGlobalIDString = 072BFB731CDC295C00551444;
			remoteInfo = categoryDemo;
		};
		072BFB991CDC295C00551444 /* PBXContainerItemProxy */ = {
			isa = PBXContainerItemProxy;
			containerPortal = 072BFB6C1CDC295C00551444 /* Project object */;
			proxyType = 1;
			remoteGlobalIDString = 072BFB731CDC295C00551444;
			remoteInfo = categoryDemo;
		};
/* End PBXContainerItemProxy section */

/* Begin PBXFileReference section */
		070090A11D18DC7D00142A76 /* CALayer+KCExtension.h */ = {isa = PBXFileReference; fileEncoding = 4; lastKnownFileType = sourcecode.c.h; path = "CALayer+KCExtension.h"; sourceTree = "<group>"; };
		070090A21D18DC7D00142A76 /* CALayer+KCExtension.m */ = {isa = PBXFileReference; fileEncoding = 4; lastKnownFileType = sourcecode.c.objc; path = "CALayer+KCExtension.m"; sourceTree = "<group>"; };
		070090A41D18DC7D00142A76 /* UIColor+KCExtension.h */ = {isa = PBXFileReference; fileEncoding = 4; lastKnownFileType = sourcecode.c.h; path = "UIColor+KCExtension.h"; sourceTree = "<group>"; };
		070090A51D18DC7D00142A76 /* UIColor+KCExtension.m */ = {isa = PBXFileReference; fileEncoding = 4; lastKnownFileType = sourcecode.c.objc; path = "UIColor+KCExtension.m"; sourceTree = "<group>"; };
		070090A61D18DC7D00142A76 /* UIDevice+KCExtension.h */ = {isa = PBXFileReference; fileEncoding = 4; lastKnownFileType = sourcecode.c.h; path = "UIDevice+KCExtension.h"; sourceTree = "<group>"; };
		070090A71D18DC7D00142A76 /* UIDevice+KCExtension.m */ = {isa = PBXFileReference; fileEncoding = 4; lastKnownFileType = sourcecode.c.objc; path = "UIDevice+KCExtension.m"; sourceTree = "<group>"; };
		070090A81D18DC7D00142A76 /* UIImage+KCExtension.h */ = {isa = PBXFileReference; fileEncoding = 4; lastKnownFileType = sourcecode.c.h; path = "UIImage+KCExtension.h"; sourceTree = "<group>"; };
		070090A91D18DC7D00142A76 /* UIImage+KCExtension.m */ = {isa = PBXFileReference; fileEncoding = 4; lastKnownFileType = sourcecode.c.objc; path = "UIImage+KCExtension.m"; sourceTree = "<group>"; };
		070090AA1D18DC7D00142A76 /* UIImageView+KCExtension.h */ = {isa = PBXFileReference; fileEncoding = 4; lastKnownFileType = sourcecode.c.h; path = "UIImageView+KCExtension.h"; sourceTree = "<group>"; };
		070090AB1D18DC7D00142A76 /* UIImageView+KCExtension.m */ = {isa = PBXFileReference; fileEncoding = 4; lastKnownFileType = sourcecode.c.objc; path = "UIImageView+KCExtension.m"; sourceTree = "<group>"; };
		070090AE1D18DC7D00142A76 /* UITextField+KCExtension.h */ = {isa = PBXFileReference; fileEncoding = 4; lastKnownFileType = sourcecode.c.h; path = "UITextField+KCExtension.h"; sourceTree = "<group>"; };
		070090AF1D18DC7D00142A76 /* UITextField+KCExtension.m */ = {isa = PBXFileReference; fileEncoding = 4; lastKnownFileType = sourcecode.c.objc; path = "UITextField+KCExtension.m"; sourceTree = "<group>"; };
		070090B01D18DC7D00142A76 /* UITextView+KCExtension.h */ = {isa = PBXFileReference; fileEncoding = 4; lastKnownFileType = sourcecode.c.h; path = "UITextView+KCExtension.h"; sourceTree = "<group>"; };
		070090B11D18DC7D00142A76 /* UITextView+KCExtension.m */ = {isa = PBXFileReference; fileEncoding = 4; lastKnownFileType = sourcecode.c.objc; path = "UITextView+KCExtension.m"; sourceTree = "<group>"; };
		070090B21D18DC7D00142A76 /* UIView+KCExtension.h */ = {isa = PBXFileReference; fileEncoding = 4; lastKnownFileType = sourcecode.c.h; path = "UIView+KCExtension.h"; sourceTree = "<group>"; };
		070090B31D18DC7D00142A76 /* UIView+KCExtension.m */ = {isa = PBXFileReference; fileEncoding = 4; lastKnownFileType = sourcecode.c.objc; path = "UIView+KCExtension.m"; sourceTree = "<group>"; };
		070090B41D18DC7D00142A76 /* UIViewController+KCExtension.h */ = {isa = PBXFileReference; fileEncoding = 4; lastKnownFileType = sourcecode.c.h; path = "UIViewController+KCExtension.h"; sourceTree = "<group>"; };
		070090B51D18DC7D00142A76 /* UIViewController+KCExtension.m */ = {isa = PBXFileReference; fileEncoding = 4; lastKnownFileType = sourcecode.c.objc; path = "UIViewController+KCExtension.m"; sourceTree = "<group>"; };
		070090C71D18DC9E00142A76 /* KCConst.h */ = {isa = PBXFileReference; fileEncoding = 4; lastKnownFileType = sourcecode.c.h; path = KCConst.h; sourceTree = "<group>"; };
		070090C81D18DC9E00142A76 /* KCConst.m */ = {isa = PBXFileReference; fileEncoding = 4; lastKnownFileType = sourcecode.c.objc; path = KCConst.m; sourceTree = "<group>"; };
		070090C91D18DC9E00142A76 /* KCMacro.h */ = {isa = PBXFileReference; fileEncoding = 4; lastKnownFileType = sourcecode.c.h; path = KCMacro.h; sourceTree = "<group>"; };
		070090CC1D18DD6F00142A76 /* NSArray+KCExtension.h */ = {isa = PBXFileReference; fileEncoding = 4; lastKnownFileType = sourcecode.c.h; path = "NSArray+KCExtension.h"; sourceTree = "<group>"; };
		070090CD1D18DD6F00142A76 /* NSArray+KCExtension.m */ = {isa = PBXFileReference; fileEncoding = 4; lastKnownFileType = sourcecode.c.objc; path = "NSArray+KCExtension.m"; sourceTree = "<group>"; };
		070090CE1D18DD6F00142A76 /* NSDate+KCExtension.h */ = {isa = PBXFileReference; fileEncoding = 4; lastKnownFileType = sourcecode.c.h; path = "NSDate+KCExtension.h"; sourceTree = "<group>"; };
		070090CF1D18DD6F00142A76 /* NSDate+KCExtension.m */ = {isa = PBXFileReference; fileEncoding = 4; lastKnownFileType = sourcecode.c.objc; path = "NSDate+KCExtension.m"; sourceTree = "<group>"; };
		070090D01D18DD6F00142A76 /* NSDictionary+KCExtension.h */ = {isa = PBXFileReference; fileEncoding = 4; lastKnownFileType = sourcecode.c.h; path = "NSDictionary+KCExtension.h"; sourceTree = "<group>"; };
		070090D11D18DD6F00142A76 /* NSDictionary+KCExtension.m */ = {isa = PBXFileReference; fileEncoding = 4; lastKnownFileType = sourcecode.c.objc; path = "NSDictionary+KCExtension.m"; sourceTree = "<group>"; };
		070090D21D18DD6F00142A76 /* NSMutableArray+KCExtension.h */ = {isa = PBXFileReference; fileEncoding = 4; lastKnownFileType = sourcecode.c.h; path = "NSMutableArray+KCExtension.h"; sourceTree = "<group>"; };
		070090D31D18DD6F00142A76 /* NSMutableArray+KCExtension.m */ = {isa = PBXFileReference; fileEncoding = 4; lastKnownFileType = sourcecode.c.objc; path = "NSMutableArray+KCExtension.m"; sourceTree = "<group>"; };
		070090D41D18DD6F00142A76 /* NSMutableDictionary+KCExtension.h */ = {isa = PBXFileReference; fileEncoding = 4; lastKnownFileType = sourcecode.c.h; path = "NSMutableDictionary+KCExtension.h"; sourceTree = "<group>"; };
		070090D51D18DD6F00142A76 /* NSMutableDictionary+KCExtension.m */ = {isa = PBXFileReference; fileEncoding = 4; lastKnownFileType = sourcecode.c.objc; path = "NSMutableDictionary+KCExtension.m"; sourceTree = "<group>"; };
		070090D61D18DD6F00142A76 /* NSString+KCExtension.h */ = {isa = PBXFileReference; fileEncoding = 4; lastKnownFileType = sourcecode.c.h; path = "NSString+KCExtension.h"; sourceTree = "<group>"; };
		070090D71D18DD6F00142A76 /* NSString+KCExtension.m */ = {isa = PBXFileReference; fileEncoding = 4; lastKnownFileType = sourcecode.c.objc; path = "NSString+KCExtension.m"; sourceTree = "<group>"; };
		070091111FD7DCA4008623A7 /* NSObject+KCExtension.h */ = {isa = PBXFileReference; lastKnownFileType = sourcecode.c.h; path = "NSObject+KCExtension.h"; sourceTree = "<group>"; };
		070091121FD7DCA4008623A7 /* NSObject+KCExtension.m */ = {isa = PBXFileReference; lastKnownFileType = sourcecode.c.objc; path = "NSObject+KCExtension.m"; sourceTree = "<group>"; };
		072BFB741CDC295C00551444 /* categoryDemo.app */ = {isa = PBXFileReference; explicitFileType = wrapper.application; includeInIndex = 0; path = categoryDemo.app; sourceTree = BUILT_PRODUCTS_DIR; };
		072BFB781CDC295C00551444 /* main.m */ = {isa = PBXFileReference; lastKnownFileType = sourcecode.c.objc; path = main.m; sourceTree = "<group>"; };
		072BFB7A1CDC295C00551444 /* AppDelegate.h */ = {isa = PBXFileReference; lastKnownFileType = sourcecode.c.h; path = AppDelegate.h; sourceTree = "<group>"; };
		072BFB7B1CDC295C00551444 /* AppDelegate.m */ = {isa = PBXFileReference; lastKnownFileType = sourcecode.c.objc; path = AppDelegate.m; sourceTree = "<group>"; };
		072BFB7D1CDC295C00551444 /* ViewController.h */ = {isa = PBXFileReference; lastKnownFileType = sourcecode.c.h; path = ViewController.h; sourceTree = "<group>"; };
		072BFB7E1CDC295C00551444 /* ViewController.m */ = {isa = PBXFileReference; lastKnownFileType = sourcecode.c.objc; path = ViewController.m; sourceTree = "<group>"; };
		072BFB811CDC295C00551444 /* Base */ = {isa = PBXFileReference; lastKnownFileType = file.storyboard; name = Base; path = Base.lproj/Main.storyboard; sourceTree = "<group>"; };
		072BFB831CDC295C00551444 /* Assets.xcassets */ = {isa = PBXFileReference; lastKnownFileType = folder.assetcatalog; path = Assets.xcassets; sourceTree = "<group>"; };
		072BFB861CDC295C00551444 /* Base */ = {isa = PBXFileReference; lastKnownFileType = file.storyboard; name = Base; path = Base.lproj/LaunchScreen.storyboard; sourceTree = "<group>"; };
		072BFB881CDC295C00551444 /* Info.plist */ = {isa = PBXFileReference; lastKnownFileType = text.plist.xml; path = Info.plist; sourceTree = "<group>"; };
		072BFB8D1CDC295C00551444 /* categoryDemoTests.xctest */ = {isa = PBXFileReference; explicitFileType = wrapper.cfbundle; includeInIndex = 0; path = categoryDemoTests.xctest; sourceTree = BUILT_PRODUCTS_DIR; };
		072BFB911CDC295C00551444 /* categoryDemoTests.m */ = {isa = PBXFileReference; lastKnownFileType = sourcecode.c.objc; path = categoryDemoTests.m; sourceTree = "<group>"; };
		072BFB931CDC295C00551444 /* Info.plist */ = {isa = PBXFileReference; lastKnownFileType = text.plist.xml; path = Info.plist; sourceTree = "<group>"; };
		072BFB981CDC295C00551444 /* categoryDemoUITests.xctest */ = {isa = PBXFileReference; explicitFileType = wrapper.cfbundle; includeInIndex = 0; path = categoryDemoUITests.xctest; sourceTree = BUILT_PRODUCTS_DIR; };
		072BFB9C1CDC295C00551444 /* categoryDemoUITests.m */ = {isa = PBXFileReference; lastKnownFileType = sourcecode.c.objc; path = categoryDemoUITests.m; sourceTree = "<group>"; };
		072BFB9E1CDC295C00551444 /* Info.plist */ = {isa = PBXFileReference; lastKnownFileType = text.plist.xml; path = Info.plist; sourceTree = "<group>"; };
		07308A7A20B79B9B00DE8294 /* NSData+KCExtension.m */ = {isa = PBXFileReference; fileEncoding = 4; lastKnownFileType = sourcecode.c.objc; path = "NSData+KCExtension.m"; sourceTree = "<group>"; };
		07308A7B20B79B9B00DE8294 /* NSData+KCExtension.h */ = {isa = PBXFileReference; fileEncoding = 4; lastKnownFileType = sourcecode.c.h; path = "NSData+KCExtension.h"; sourceTree = "<group>"; };
		07308A7D20B79BAE00DE8294 /* NSMutableSet+KCExtension.h */ = {isa = PBXFileReference; lastKnownFileType = sourcecode.c.h; path = "NSMutableSet+KCExtension.h"; sourceTree = "<group>"; };
		07308A7E20B79BAE00DE8294 /* NSMutableSet+KCExtension.m */ = {isa = PBXFileReference; lastKnownFileType = sourcecode.c.objc; path = "NSMutableSet+KCExtension.m"; sourceTree = "<group>"; };
		07308A8020B79DCD00DE8294 /* UINavigationBar+KCExtension.h */ = {isa = PBXFileReference; fileEncoding = 4; lastKnownFileType = sourcecode.c.h; path = "UINavigationBar+KCExtension.h"; sourceTree = "<group>"; };
		07308A8120B79DCD00DE8294 /* UINavigationController+KCExtension.h */ = {isa = PBXFileReference; fileEncoding = 4; lastKnownFileType = sourcecode.c.h; path = "UINavigationController+KCExtension.h"; sourceTree = "<group>"; };
		07308A8220B79DCD00DE8294 /* UINavigationController+KCExtension.m */ = {isa = PBXFileReference; fileEncoding = 4; lastKnownFileType = sourcecode.c.objc; path = "UINavigationController+KCExtension.m"; sourceTree = "<group>"; };
		07308A8320B79DCD00DE8294 /* UINavigationBar+KCExtension.m */ = {isa = PBXFileReference; fileEncoding = 4; lastKnownFileType = sourcecode.c.objc; path = "UINavigationBar+KCExtension.m"; sourceTree = "<group>"; };
		0748815C1D572ED900322817 /* UIButton+KCExtension.h */ = {isa = PBXFileReference; fileEncoding = 4; lastKnownFileType = sourcecode.c.h; path = "UIButton+KCExtension.h"; sourceTree = "<group>"; };
		0748815D1D572ED900322817 /* UIButton+KCExtension.m */ = {isa = PBXFileReference; fileEncoding = 4; lastKnownFileType = sourcecode.c.objc; path = "UIButton+KCExtension.m"; sourceTree = "<group>"; };
		0757198C1CFEDBCF00B37950 /* KCCategory.h */ = {isa = PBXFileReference; fileEncoding = 4; lastKnownFileType = sourcecode.c.h; path = KCCategory.h; sourceTree = "<group>"; };
		075F11631D23F26200C2AFEE /* KCFunction.h */ = {isa = PBXFileReference; fileEncoding = 4; lastKnownFileType = sourcecode.c.h; path = KCFunction.h; sourceTree = "<group>"; };
		075F11641D23F26200C2AFEE /* KCFunction.m */ = {isa = PBXFileReference; fileEncoding = 4; lastKnownFileType = sourcecode.c.objc; path = KCFunction.m; sourceTree = "<group>"; };
		0770D15A1D2F811D008C89D6 /* CADisplayLink+KCExtension.h */ = {isa = PBXFileReference; fileEncoding = 4; lastKnownFileType = sourcecode.c.h; path = "CADisplayLink+KCExtension.h"; sourceTree = "<group>"; };
		0770D15B1D2F811D008C89D6 /* CADisplayLink+KCExtension.m */ = {isa = PBXFileReference; fileEncoding = 4; lastKnownFileType = sourcecode.c.objc; path = "CADisplayLink+KCExtension.m"; sourceTree = "<group>"; };
		0770D15D1D2F8209008C89D6 /* NSTimer+KCExtension.h */ = {isa = PBXFileReference; fileEncoding = 4; lastKnownFileType = sourcecode.c.h; path = "NSTimer+KCExtension.h"; sourceTree = "<group>"; };
		0770D15E1D2F8209008C89D6 /* NSTimer+KCExtension.m */ = {isa = PBXFileReference; fileEncoding = 4; lastKnownFileType = sourcecode.c.objc; path = "NSTimer+KCExtension.m"; sourceTree = "<group>"; };
		07C7A7861FCEAE5A007B91C8 /* UIAlertAction+KCExtension.h */ = {isa = PBXFileReference; lastKnownFileType = sourcecode.c.h; path = "UIAlertAction+KCExtension.h"; sourceTree = "<group>"; };
		07C7A7871FCEAE5A007B91C8 /* UIAlertAction+KCExtension.m */ = {isa = PBXFileReference; lastKnownFileType = sourcecode.c.objc; path = "UIAlertAction+KCExtension.m"; sourceTree = "<group>"; };
		07C7A7891FCEAFAC007B91C8 /* UIAlertController+KCExtension.h */ = {isa = PBXFileReference; lastKnownFileType = sourcecode.c.h; path = "UIAlertController+KCExtension.h"; sourceTree = "<group>"; };
		07C7A78A1FCEAFAC007B91C8 /* UIAlertController+KCExtension.m */ = {isa = PBXFileReference; lastKnownFileType = sourcecode.c.objc; path = "UIAlertController+KCExtension.m"; sourceTree = "<group>"; };
		07D9A5171DAE1D000000DF07 /* NSAttributedString+KCExtension.h */ = {isa = PBXFileReference; fileEncoding = 4; lastKnownFileType = sourcecode.c.h; path = "NSAttributedString+KCExtension.h"; sourceTree = "<group>"; };
		07D9A5181DAE1D000000DF07 /* NSAttributedString+KCExtension.m */ = {isa = PBXFileReference; fileEncoding = 4; lastKnownFileType = sourcecode.c.objc; path = "NSAttributedString+KCExtension.m"; sourceTree = "<group>"; };
		07F353BA1D8791760077383F /* UIVisualEffectView+KCExtension.h */ = {isa = PBXFileReference; fileEncoding = 4; lastKnownFileType = sourcecode.c.h; path = "UIVisualEffectView+KCExtension.h"; sourceTree = "<group>"; };
		07F353BB1D8791760077383F /* UIVisualEffectView+KCExtension.m */ = {isa = PBXFileReference; fileEncoding = 4; lastKnownFileType = sourcecode.c.objc; path = "UIVisualEffectView+KCExtension.m"; sourceTree = "<group>"; };
/* End PBXFileReference section */

/* Begin PBXFrameworksBuildPhase section */
		072BFB711CDC295C00551444 /* Frameworks */ = {
			isa = PBXFrameworksBuildPhase;
			buildActionMask = 2147483647;
			files = (
			);
			runOnlyForDeploymentPostprocessing = 0;
		};
		072BFB8A1CDC295C00551444 /* Frameworks */ = {
			isa = PBXFrameworksBuildPhase;
			buildActionMask = 2147483647;
			files = (
			);
			runOnlyForDeploymentPostprocessing = 0;
		};
		072BFB951CDC295C00551444 /* Frameworks */ = {
			isa = PBXFrameworksBuildPhase;
			buildActionMask = 2147483647;
			files = (
			);
			runOnlyForDeploymentPostprocessing = 0;
		};
/* End PBXFrameworksBuildPhase section */

/* Begin PBXGroup section */
		070090921D18DC7D00142A76 /* Category */ = {
			isa = PBXGroup;
			children = (
				070090CB1D18DD6F00142A76 /* Foundation */,
				070090A01D18DC7D00142A76 /* QuartzCore */,
				070090A31D18DC7D00142A76 /* UIKit */,
			);
			path = Category;
			sourceTree = "<group>";
		};
		070090A01D18DC7D00142A76 /* QuartzCore */ = {
			isa = PBXGroup;
			children = (
				070090A11D18DC7D00142A76 /* CALayer+KCExtension.h */,
				070090A21D18DC7D00142A76 /* CALayer+KCExtension.m */,
				0770D15A1D2F811D008C89D6 /* CADisplayLink+KCExtension.h */,
				0770D15B1D2F811D008C89D6 /* CADisplayLink+KCExtension.m */,
			);
			path = QuartzCore;
			sourceTree = "<group>";
		};
		070090A31D18DC7D00142A76 /* UIKit */ = {
			isa = PBXGroup;
			children = (
				07308A8020B79DCD00DE8294 /* UINavigationBar+KCExtension.h */,
				07308A8320B79DCD00DE8294 /* UINavigationBar+KCExtension.m */,
				07308A8120B79DCD00DE8294 /* UINavigationController+KCExtension.h */,
				07308A8220B79DCD00DE8294 /* UINavigationController+KCExtension.m */,
				070090A41D18DC7D00142A76 /* UIColor+KCExtension.h */,
				070090A51D18DC7D00142A76 /* UIColor+KCExtension.m */,
				070090A61D18DC7D00142A76 /* UIDevice+KCExtension.h */,
				070090A71D18DC7D00142A76 /* UIDevice+KCExtension.m */,
				070090A81D18DC7D00142A76 /* UIImage+KCExtension.h */,
				070090A91D18DC7D00142A76 /* UIImage+KCExtension.m */,
				070090AA1D18DC7D00142A76 /* UIImageView+KCExtension.h */,
				070090AB1D18DC7D00142A76 /* UIImageView+KCExtension.m */,
				070090AE1D18DC7D00142A76 /* UITextField+KCExtension.h */,
				070090AF1D18DC7D00142A76 /* UITextField+KCExtension.m */,
				070090B01D18DC7D00142A76 /* UITextView+KCExtension.h */,
				070090B11D18DC7D00142A76 /* UITextView+KCExtension.m */,
				070090B21D18DC7D00142A76 /* UIView+KCExtension.h */,
				070090B31D18DC7D00142A76 /* UIView+KCExtension.m */,
				070090B41D18DC7D00142A76 /* UIViewController+KCExtension.h */,
				070090B51D18DC7D00142A76 /* UIViewController+KCExtension.m */,
				0748815C1D572ED900322817 /* UIButton+KCExtension.h */,
				0748815D1D572ED900322817 /* UIButton+KCExtension.m */,
				07F353BA1D8791760077383F /* UIVisualEffectView+KCExtension.h */,
				07F353BB1D8791760077383F /* UIVisualEffectView+KCExtension.m */,
				07C7A7861FCEAE5A007B91C8 /* UIAlertAction+KCExtension.h */,
				07C7A7871FCEAE5A007B91C8 /* UIAlertAction+KCExtension.m */,
				07C7A7891FCEAFAC007B91C8 /* UIAlertController+KCExtension.h */,
				07C7A78A1FCEAFAC007B91C8 /* UIAlertController+KCExtension.m */,
			);
			path = UIKit;
			sourceTree = "<group>";
		};
		070090C61D18DC9E00142A76 /* Macro */ = {
			isa = PBXGroup;
			children = (
				070090C71D18DC9E00142A76 /* KCConst.h */,
				070090C81D18DC9E00142A76 /* KCConst.m */,
				070090C91D18DC9E00142A76 /* KCMacro.h */,
				075F11631D23F26200C2AFEE /* KCFunction.h */,
				075F11641D23F26200C2AFEE /* KCFunction.m */,
			);
			path = Macro;
			sourceTree = "<group>";
		};
		070090CB1D18DD6F00142A76 /* Foundation */ = {
			isa = PBXGroup;
			children = (
				07308A7B20B79B9B00DE8294 /* NSData+KCExtension.h */,
				07308A7A20B79B9B00DE8294 /* NSData+KCExtension.m */,
				070090CC1D18DD6F00142A76 /* NSArray+KCExtension.h */,
				070090CD1D18DD6F00142A76 /* NSArray+KCExtension.m */,
				070090CE1D18DD6F00142A76 /* NSDate+KCExtension.h */,
				070090CF1D18DD6F00142A76 /* NSDate+KCExtension.m */,
				070090D01D18DD6F00142A76 /* NSDictionary+KCExtension.h */,
				070090D11D18DD6F00142A76 /* NSDictionary+KCExtension.m */,
				070090D21D18DD6F00142A76 /* NSMutableArray+KCExtension.h */,
				070090D31D18DD6F00142A76 /* NSMutableArray+KCExtension.m */,
				070090D41D18DD6F00142A76 /* NSMutableDictionary+KCExtension.h */,
				070090D51D18DD6F00142A76 /* NSMutableDictionary+KCExtension.m */,
				070090D61D18DD6F00142A76 /* NSString+KCExtension.h */,
				070090D71D18DD6F00142A76 /* NSString+KCExtension.m */,
				0770D15D1D2F8209008C89D6 /* NSTimer+KCExtension.h */,
				0770D15E1D2F8209008C89D6 /* NSTimer+KCExtension.m */,
				07D9A5171DAE1D000000DF07 /* NSAttributedString+KCExtension.h */,
				07D9A5181DAE1D000000DF07 /* NSAttributedString+KCExtension.m */,
				070091111FD7DCA4008623A7 /* NSObject+KCExtension.h */,
				070091121FD7DCA4008623A7 /* NSObject+KCExtension.m */,
				07308A7D20B79BAE00DE8294 /* NSMutableSet+KCExtension.h */,
				07308A7E20B79BAE00DE8294 /* NSMutableSet+KCExtension.m */,
			);
			path = Foundation;
			sourceTree = "<group>";
		};
		072BFB6B1CDC295C00551444 = {
			isa = PBXGroup;
			children = (
				072BFB761CDC295C00551444 /* categoryDemo */,
				072BFB901CDC295C00551444 /* categoryDemoTests */,
				072BFB9B1CDC295C00551444 /* categoryDemoUITests */,
				072BFB751CDC295C00551444 /* Products */,
			);
			sourceTree = "<group>";
		};
		072BFB751CDC295C00551444 /* Products */ = {
			isa = PBXGroup;
			children = (
				072BFB741CDC295C00551444 /* categoryDemo.app */,
				072BFB8D1CDC295C00551444 /* categoryDemoTests.xctest */,
				072BFB981CDC295C00551444 /* categoryDemoUITests.xctest */,
			);
			name = Products;
			sourceTree = "<group>";
		};
		072BFB761CDC295C00551444 /* categoryDemo */ = {
			isa = PBXGroup;
			children = (
				075719721CFEDBCF00B37950 /* KCCategory */,
				072BFB7A1CDC295C00551444 /* AppDelegate.h */,
				072BFB7B1CDC295C00551444 /* AppDelegate.m */,
				072BFB7D1CDC295C00551444 /* ViewController.h */,
				072BFB7E1CDC295C00551444 /* ViewController.m */,
				072BFB801CDC295C00551444 /* Main.storyboard */,
				072BFB831CDC295C00551444 /* Assets.xcassets */,
				072BFB851CDC295C00551444 /* LaunchScreen.storyboard */,
				072BFB881CDC295C00551444 /* Info.plist */,
				072BFB771CDC295C00551444 /* Supporting Files */,
			);
			path = categoryDemo;
			sourceTree = "<group>";
		};
		072BFB771CDC295C00551444 /* Supporting Files */ = {
			isa = PBXGroup;
			children = (
				072BFB781CDC295C00551444 /* main.m */,
			);
			name = "Supporting Files";
			sourceTree = "<group>";
		};
		072BFB901CDC295C00551444 /* categoryDemoTests */ = {
			isa = PBXGroup;
			children = (
				072BFB911CDC295C00551444 /* categoryDemoTests.m */,
				072BFB931CDC295C00551444 /* Info.plist */,
			);
			path = categoryDemoTests;
			sourceTree = "<group>";
		};
		072BFB9B1CDC295C00551444 /* categoryDemoUITests */ = {
			isa = PBXGroup;
			children = (
				072BFB9C1CDC295C00551444 /* categoryDemoUITests.m */,
				072BFB9E1CDC295C00551444 /* Info.plist */,
			);
			path = categoryDemoUITests;
			sourceTree = "<group>";
		};
		075719721CFEDBCF00B37950 /* KCCategory */ = {
			isa = PBXGroup;
			children = (
				070090C61D18DC9E00142A76 /* Macro */,
				070090921D18DC7D00142A76 /* Category */,
				0757198C1CFEDBCF00B37950 /* KCCategory.h */,
			);
			name = KCCategory;
			path = ../../KCCategory;
			sourceTree = "<group>";
		};
/* End PBXGroup section */

/* Begin PBXNativeTarget section */
		072BFB731CDC295C00551444 /* categoryDemo */ = {
			isa = PBXNativeTarget;
			buildConfigurationList = 072BFBA11CDC295C00551444 /* Build configuration list for PBXNativeTarget "categoryDemo" */;
			buildPhases = (
				072BFB701CDC295C00551444 /* Sources */,
				072BFB711CDC295C00551444 /* Frameworks */,
				072BFB721CDC295C00551444 /* Resources */,
			);
			buildRules = (
			);
			dependencies = (
			);
			name = categoryDemo;
			productName = categoryDemo;
			productReference = 072BFB741CDC295C00551444 /* categoryDemo.app */;
			productType = "com.apple.product-type.application";
		};
		072BFB8C1CDC295C00551444 /* categoryDemoTests */ = {
			isa = PBXNativeTarget;
			buildConfigurationList = 072BFBA41CDC295C00551444 /* Build configuration list for PBXNativeTarget "categoryDemoTests" */;
			buildPhases = (
				072BFB891CDC295C00551444 /* Sources */,
				072BFB8A1CDC295C00551444 /* Frameworks */,
				072BFB8B1CDC295C00551444 /* Resources */,
			);
			buildRules = (
			);
			dependencies = (
				072BFB8F1CDC295C00551444 /* PBXTargetDependency */,
			);
			name = categoryDemoTests;
			productName = categoryDemoTests;
			productReference = 072BFB8D1CDC295C00551444 /* categoryDemoTests.xctest */;
			productType = "com.apple.product-type.bundle.unit-test";
		};
		072BFB971CDC295C00551444 /* categoryDemoUITests */ = {
			isa = PBXNativeTarget;
			buildConfigurationList = 072BFBA71CDC295C00551444 /* Build configuration list for PBXNativeTarget "categoryDemoUITests" */;
			buildPhases = (
				072BFB941CDC295C00551444 /* Sources */,
				072BFB951CDC295C00551444 /* Frameworks */,
				072BFB961CDC295C00551444 /* Resources */,
			);
			buildRules = (
			);
			dependencies = (
				072BFB9A1CDC295C00551444 /* PBXTargetDependency */,
			);
			name = categoryDemoUITests;
			productName = categoryDemoUITests;
			productReference = 072BFB981CDC295C00551444 /* categoryDemoUITests.xctest */;
			productType = "com.apple.product-type.bundle.ui-testing";
		};
/* End PBXNativeTarget section */

/* Begin PBXProject section */
		072BFB6C1CDC295C00551444 /* Project object */ = {
			isa = PBXProject;
			attributes = {
				LastUpgradeCheck = 0730;
				ORGANIZATIONNAME = Erica;
				TargetAttributes = {
					072BFB731CDC295C00551444 = {
						CreatedOnToolsVersion = 7.3.1;
						DevelopmentTeam = 9W8KXJ7KY8;
					};
					072BFB8C1CDC295C00551444 = {
						CreatedOnToolsVersion = 7.3.1;
						TestTargetID = 072BFB731CDC295C00551444;
					};
					072BFB971CDC295C00551444 = {
						CreatedOnToolsVersion = 7.3.1;
						TestTargetID = 072BFB731CDC295C00551444;
					};
				};
			};
			buildConfigurationList = 072BFB6F1CDC295C00551444 /* Build configuration list for PBXProject "categoryDemo" */;
			compatibilityVersion = "Xcode 3.2";
			developmentRegion = English;
			hasScannedForEncodings = 0;
			knownRegions = (
				en,
				Base,
			);
			mainGroup = 072BFB6B1CDC295C00551444;
			productRefGroup = 072BFB751CDC295C00551444 /* Products */;
			projectDirPath = "";
			projectRoot = "";
			targets = (
				072BFB731CDC295C00551444 /* categoryDemo */,
				072BFB8C1CDC295C00551444 /* categoryDemoTests */,
				072BFB971CDC295C00551444 /* categoryDemoUITests */,
			);
		};
/* End PBXProject section */

/* Begin PBXResourcesBuildPhase section */
		072BFB721CDC295C00551444 /* Resources */ = {
			isa = PBXResourcesBuildPhase;
			buildActionMask = 2147483647;
			files = (
				072BFB871CDC295C00551444 /* LaunchScreen.storyboard in Resources */,
				072BFB841CDC295C00551444 /* Assets.xcassets in Resources */,
				072BFB821CDC295C00551444 /* Main.storyboard in Resources */,
			);
			runOnlyForDeploymentPostprocessing = 0;
		};
		072BFB8B1CDC295C00551444 /* Resources */ = {
			isa = PBXResourcesBuildPhase;
			buildActionMask = 2147483647;
			files = (
			);
			runOnlyForDeploymentPostprocessing = 0;
		};
		072BFB961CDC295C00551444 /* Resources */ = {
			isa = PBXResourcesBuildPhase;
			buildActionMask = 2147483647;
			files = (
			);
			runOnlyForDeploymentPostprocessing = 0;
		};
/* End PBXResourcesBuildPhase section */

/* Begin PBXSourcesBuildPhase section */
		072BFB701CDC295C00551444 /* Sources */ = {
			isa = PBXSourcesBuildPhase;
			buildActionMask = 2147483647;
			files = (
				070090CA1D18DC9E00142A76 /* KCConst.m in Sources */,
				0748815E1D572ED900322817 /* UIButton+KCExtension.m in Sources */,
				070090DC1D18DD6F00142A76 /* NSMutableDictionary+KCExtension.m in Sources */,
				07308A7F20B79BAE00DE8294 /* NSMutableSet+KCExtension.m in Sources */,
				075F11651D23F26200C2AFEE /* KCFunction.m in Sources */,
				070090D81D18DD6F00142A76 /* NSArray+KCExtension.m in Sources */,
				072BFB7F1CDC295C00551444 /* ViewController.m in Sources */,
				07F353BC1D8791760077383F /* UIVisualEffectView+KCExtension.m in Sources */,
				070090D91D18DD6F00142A76 /* NSDate+KCExtension.m in Sources */,
				070090BD1D18DC7D00142A76 /* UIColor+KCExtension.m in Sources */,
				070090BC1D18DC7D00142A76 /* CALayer+KCExtension.m in Sources */,
				072BFB7C1CDC295C00551444 /* AppDelegate.m in Sources */,
				070090C21D18DC7D00142A76 /* UITextField+KCExtension.m in Sources */,
				070091131FD7DCA4008623A7 /* NSObject+KCExtension.m in Sources */,
				070090BE1D18DC7D00142A76 /* UIDevice+KCExtension.m in Sources */,
				0770D15F1D2F8209008C89D6 /* NSTimer+KCExtension.m in Sources */,
				070090BF1D18DC7D00142A76 /* UIImage+KCExtension.m in Sources */,
				070090C41D18DC7D00142A76 /* UIView+KCExtension.m in Sources */,
				07308A7C20B79B9C00DE8294 /* NSData+KCExtension.m in Sources */,
				0770D15C1D2F811D008C89D6 /* CADisplayLink+KCExtension.m in Sources */,
				07D9A5191DAE1D000000DF07 /* NSAttributedString+KCExtension.m in Sources */,
				07308A8420B79DCD00DE8294 /* UINavigationController+KCExtension.m in Sources */,
				070090C31D18DC7D00142A76 /* UITextView+KCExtension.m in Sources */,
				070090C51D18DC7D00142A76 /* UIViewController+KCExtension.m in Sources */,
				07308A8520B79DCD00DE8294 /* UINavigationBar+KCExtension.m in Sources */,
				070090DD1D18DD6F00142A76 /* NSString+KCExtension.m in Sources */,
				07C7A78B1FCEAFAC007B91C8 /* UIAlertController+KCExtension.m in Sources */,
				070090C01D18DC7D00142A76 /* UIImageView+KCExtension.m in Sources */,
				07C7A7881FCEAE5A007B91C8 /* UIAlertAction+KCExtension.m in Sources */,
				070090DB1D18DD6F00142A76 /* NSMutableArray+KCExtension.m in Sources */,
				070090DA1D18DD6F00142A76 /* NSDictionary+KCExtension.m in Sources */,
				072BFB791CDC295C00551444 /* main.m in Sources */,
			);
			runOnlyForDeploymentPostprocessing = 0;
		};
		072BFB891CDC295C00551444 /* Sources */ = {
			isa = PBXSourcesBuildPhase;
			buildActionMask = 2147483647;
			files = (
				072BFB921CDC295C00551444 /* categoryDemoTests.m in Sources */,
			);
			runOnlyForDeploymentPostprocessing = 0;
		};
		072BFB941CDC295C00551444 /* Sources */ = {
			isa = PBXSourcesBuildPhase;
			buildActionMask = 2147483647;
			files = (
				072BFB9D1CDC295C00551444 /* categoryDemoUITests.m in Sources */,
			);
			runOnlyForDeploymentPostprocessing = 0;
		};
/* End PBXSourcesBuildPhase section */

/* Begin PBXTargetDependency section */
		072BFB8F1CDC295C00551444 /* PBXTargetDependency */ = {
			isa = PBXTargetDependency;
			target = 072BFB731CDC295C00551444 /* categoryDemo */;
			targetProxy = 072BFB8E1CDC295C00551444 /* PBXContainerItemProxy */;
		};
		072BFB9A1CDC295C00551444 /* PBXTargetDependency */ = {
			isa = PBXTargetDependency;
			target = 072BFB731CDC295C00551444 /* categoryDemo */;
			targetProxy = 072BFB991CDC295C00551444 /* PBXContainerItemProxy */;
		};
/* End PBXTargetDependency section */

/* Begin PBXVariantGroup section */
		072BFB801CDC295C00551444 /* Main.storyboard */ = {
			isa = PBXVariantGroup;
			children = (
				072BFB811CDC295C00551444 /* Base */,
			);
			name = Main.storyboard;
			sourceTree = "<group>";
		};
		072BFB851CDC295C00551444 /* LaunchScreen.storyboard */ = {
			isa = PBXVariantGroup;
			children = (
				072BFB861CDC295C00551444 /* Base */,
			);
			name = LaunchScreen.storyboard;
			sourceTree = "<group>";
		};
/* End PBXVariantGroup section */

/* Begin XCBuildConfiguration section */
		072BFB9F1CDC295C00551444 /* Debug */ = {
			isa = XCBuildConfiguration;
			buildSettings = {
				ALWAYS_SEARCH_USER_PATHS = NO;
				CLANG_ANALYZER_NONNULL = YES;
				CLANG_CXX_LANGUAGE_STANDARD = "gnu++0x";
				CLANG_CXX_LIBRARY = "libc++";
				CLANG_ENABLE_MODULES = YES;
				CLANG_ENABLE_OBJC_ARC = YES;
				CLANG_WARN_BOOL_CONVERSION = YES;
				CLANG_WARN_CONSTANT_CONVERSION = YES;
				CLANG_WARN_DIRECT_OBJC_ISA_USAGE = YES_ERROR;
				CLANG_WARN_EMPTY_BODY = YES;
				CLANG_WARN_ENUM_CONVERSION = YES;
				CLANG_WARN_INT_CONVERSION = YES;
				CLANG_WARN_OBJC_ROOT_CLASS = YES_ERROR;
				CLANG_WARN_UNREACHABLE_CODE = YES;
				CLANG_WARN__DUPLICATE_METHOD_MATCH = YES;
				"CODE_SIGN_IDENTITY[sdk=iphoneos*]" = "iPhone Developer";
				COPY_PHASE_STRIP = NO;
				DEBUG_INFORMATION_FORMAT = dwarf;
				ENABLE_STRICT_OBJC_MSGSEND = YES;
				ENABLE_TESTABILITY = YES;
				GCC_C_LANGUAGE_STANDARD = gnu99;
				GCC_DYNAMIC_NO_PIC = NO;
				GCC_NO_COMMON_BLOCKS = YES;
				GCC_OPTIMIZATION_LEVEL = 0;
				GCC_PREPROCESSOR_DEFINITIONS = (
					"DEBUG=1",
					"$(inherited)",
				);
				GCC_WARN_64_TO_32_BIT_CONVERSION = YES;
				GCC_WARN_ABOUT_RETURN_TYPE = YES_ERROR;
				GCC_WARN_UNDECLARED_SELECTOR = YES;
				GCC_WARN_UNINITIALIZED_AUTOS = YES_AGGRESSIVE;
				GCC_WARN_UNUSED_FUNCTION = YES;
				GCC_WARN_UNUSED_VARIABLE = YES;
				IPHONEOS_DEPLOYMENT_TARGET = 9.3;
				MTL_ENABLE_DEBUG_INFO = YES;
				ONLY_ACTIVE_ARCH = YES;
				SDKROOT = iphoneos;
				TARGETED_DEVICE_FAMILY = "1,2";
			};
			name = Debug;
		};
		072BFBA01CDC295C00551444 /* Release */ = {
			isa = XCBuildConfiguration;
			buildSettings = {
				ALWAYS_SEARCH_USER_PATHS = NO;
				CLANG_ANALYZER_NONNULL = YES;
				CLANG_CXX_LANGUAGE_STANDARD = "gnu++0x";
				CLANG_CXX_LIBRARY = "libc++";
				CLANG_ENABLE_MODULES = YES;
				CLANG_ENABLE_OBJC_ARC = YES;
				CLANG_WARN_BOOL_CONVERSION = YES;
				CLANG_WARN_CONSTANT_CONVERSION = YES;
				CLANG_WARN_DIRECT_OBJC_ISA_USAGE = YES_ERROR;
				CLANG_WARN_EMPTY_BODY = YES;
				CLANG_WARN_ENUM_CONVERSION = YES;
				CLANG_WARN_INT_CONVERSION = YES;
				CLANG_WARN_OBJC_ROOT_CLASS = YES_ERROR;
				CLANG_WARN_UNREACHABLE_CODE = YES;
				CLANG_WARN__DUPLICATE_METHOD_MATCH = YES;
				"CODE_SIGN_IDENTITY[sdk=iphoneos*]" = "iPhone Developer";
				COPY_PHASE_STRIP = NO;
				DEBUG_INFORMATION_FORMAT = "dwarf-with-dsym";
				ENABLE_NS_ASSERTIONS = NO;
				ENABLE_STRICT_OBJC_MSGSEND = YES;
				GCC_C_LANGUAGE_STANDARD = gnu99;
				GCC_NO_COMMON_BLOCKS = YES;
				GCC_WARN_64_TO_32_BIT_CONVERSION = YES;
				GCC_WARN_ABOUT_RETURN_TYPE = YES_ERROR;
				GCC_WARN_UNDECLARED_SELECTOR = YES;
				GCC_WARN_UNINITIALIZED_AUTOS = YES_AGGRESSIVE;
				GCC_WARN_UNUSED_FUNCTION = YES;
				GCC_WARN_UNUSED_VARIABLE = YES;
				IPHONEOS_DEPLOYMENT_TARGET = 9.3;
				MTL_ENABLE_DEBUG_INFO = NO;
				SDKROOT = iphoneos;
				TARGETED_DEVICE_FAMILY = "1,2";
				VALIDATE_PRODUCT = YES;
			};
			name = Release;
		};
		072BFBA21CDC295C00551444 /* Debug */ = {
			isa = XCBuildConfiguration;
			buildSettings = {
				ASSETCATALOG_COMPILER_APPICON_NAME = AppIcon;
				DEVELOPMENT_TEAM = 9W8KXJ7KY8;
				INFOPLIST_FILE = categoryDemo/Info.plist;
				IPHONEOS_DEPLOYMENT_TARGET = 8.0;
				LD_RUNPATH_SEARCH_PATHS = "$(inherited) @executable_path/Frameworks";
				PRODUCT_BUNDLE_IDENTIFIER = com.erica.categoryDemo;
				PRODUCT_NAME = "$(TARGET_NAME)";
			};
			name = Debug;
		};
		072BFBA31CDC295C00551444 /* Release */ = {
			isa = XCBuildConfiguration;
			buildSettings = {
				ASSETCATALOG_COMPILER_APPICON_NAME = AppIcon;
				DEVELOPMENT_TEAM = 9W8KXJ7KY8;
				INFOPLIST_FILE = categoryDemo/Info.plist;
				IPHONEOS_DEPLOYMENT_TARGET = 8.0;
				LD_RUNPATH_SEARCH_PATHS = "$(inherited) @executable_path/Frameworks";
				PRODUCT_BUNDLE_IDENTIFIER = com.erica.categoryDemo;
				PRODUCT_NAME = "$(TARGET_NAME)";
			};
			name = Release;
		};
		072BFBA51CDC295C00551444 /* Debug */ = {
			isa = XCBuildConfiguration;
			buildSettings = {
				BUNDLE_LOADER = "$(TEST_HOST)";
				INFOPLIST_FILE = categoryDemoTests/Info.plist;
				LD_RUNPATH_SEARCH_PATHS = "$(inherited) @executable_path/Frameworks @loader_path/Frameworks";
				PRODUCT_BUNDLE_IDENTIFIER = com.erica.categoryDemoTests;
				PRODUCT_NAME = "$(TARGET_NAME)";
				TEST_HOST = "$(BUILT_PRODUCTS_DIR)/categoryDemo.app/categoryDemo";
			};
			name = Debug;
		};
		072BFBA61CDC295C00551444 /* Release */ = {
			isa = XCBuildConfiguration;
			buildSettings = {
				BUNDLE_LOADER = "$(TEST_HOST)";
				INFOPLIST_FILE = categoryDemoTests/Info.plist;
				LD_RUNPATH_SEARCH_PATHS = "$(inherited) @executable_path/Frameworks @loader_path/Frameworks";
				PRODUCT_BUNDLE_IDENTIFIER = com.erica.categoryDemoTests;
				PRODUCT_NAME = "$(TARGET_NAME)";
				TEST_HOST = "$(BUILT_PRODUCTS_DIR)/categoryDemo.app/categoryDemo";
			};
			name = Release;
		};
		072BFBA81CDC295C00551444 /* Debug */ = {
			isa = XCBuildConfiguration;
			buildSettings = {
				INFOPLIST_FILE = categoryDemoUITests/Info.plist;
				LD_RUNPATH_SEARCH_PATHS = "$(inherited) @executable_path/Frameworks @loader_path/Frameworks";
				PRODUCT_BUNDLE_IDENTIFIER = com.erica.categoryDemoUITests;
				PRODUCT_NAME = "$(TARGET_NAME)";
				TEST_TARGET_NAME = categoryDemo;
			};
			name = Debug;
		};
		072BFBA91CDC295C00551444 /* Release */ = {
			isa = XCBuildConfiguration;
			buildSettings = {
				INFOPLIST_FILE = categoryDemoUITests/Info.plist;
				LD_RUNPATH_SEARCH_PATHS = "$(inherited) @executable_path/Frameworks @loader_path/Frameworks";
				PRODUCT_BUNDLE_IDENTIFIER = com.erica.categoryDemoUITests;
				PRODUCT_NAME = "$(TARGET_NAME)";
				TEST_TARGET_NAME = categoryDemo;
			};
			name = Release;
		};
/* End XCBuildConfiguration section */

/* Begin XCConfigurationList section */
		072BFB6F1CDC295C00551444 /* Build configuration list for PBXProject "categoryDemo" */ = {
			isa = XCConfigurationList;
			buildConfigurations = (
				072BFB9F1CDC295C00551444 /* Debug */,
				072BFBA01CDC295C00551444 /* Release */,
			);
			defaultConfigurationIsVisible = 0;
			defaultConfigurationName = Release;
		};
		072BFBA11CDC295C00551444 /* Build configuration list for PBXNativeTarget "categoryDemo" */ = {
			isa = XCConfigurationList;
			buildConfigurations = (
				072BFBA21CDC295C00551444 /* Debug */,
				072BFBA31CDC295C00551444 /* Release */,
			);
			defaultConfigurationIsVisible = 0;
			defaultConfigurationName = Release;
		};
		072BFBA41CDC295C00551444 /* Build configuration list for PBXNativeTarget "categoryDemoTests" */ = {
			isa = XCConfigurationList;
			buildConfigurations = (
				072BFBA51CDC295C00551444 /* Debug */,
				072BFBA61CDC295C00551444 /* Release */,
			);
			defaultConfigurationIsVisible = 0;
			defaultConfigurationName = Release;
		};
		072BFBA71CDC295C00551444 /* Build configuration list for PBXNativeTarget "categoryDemoUITests" */ = {
			isa = XCConfigurationList;
			buildConfigurations = (
				072BFBA81CDC295C00551444 /* Debug */,
				072BFBA91CDC295C00551444 /* Release */,
			);
			defaultConfigurationIsVisible = 0;
			defaultConfigurationName = Release;
		};
/* End XCConfigurationList section */
	};
	rootObject = 072BFB6C1CDC295C00551444 /* Project object */;
}
